<?xml version="1.0" encoding="utf-8"?>
<Project ToolsVersion="4.0" xmlns="http://schemas.microsoft.com/developer/msbuild/2003">
  <ItemGroup>
    <Filter Include="Source Files">
      <UniqueIdentifier>{4FC737F1-C7A5-4376-A066-2A32D752A2FF}</UniqueIdentifier>
      <Extensions>cpp;c;cc;cxx;def;odl;idl;hpj;bat;asm;asmx</Extensions>
    </Filter>
    <Filter Include="Header Files">
      <UniqueIdentifier>{93995380-89BD-4b04-88EB-625FBE52EBFB}</UniqueIdentifier>
      <Extensions>h;hh;hpp;hxx;hm;inl;inc;xsd</Extensions>
    </Filter>
    <Filter Include="Resource Files">
      <UniqueIdentifier>{67DA6AB6-F800-4c08-8B7A-83BB121AAD01}</UniqueIdentifier>
      <Extensions>rc;ico;cur;bmp;dlg;rc2;rct;bin;rgs;gif;jpg;jpeg;jpe;resx;tiff;tif;png;wav;mfcribbon-ms</Extensions>
    </Filter>
    <Filter Include="Header Files\util">
      <UniqueIdentifier>{319e26a7-c0ff-4581-8a51-2925b516c34f}</UniqueIdentifier>
    </Filter>
    <Filter Include="Header Files\player">
      <UniqueIdentifier>{9b36d70f-2c34-4c7a-80ca-9e41c6c77885}</UniqueIdentifier>
    </Filter>
    <Filter Include="Source Files\util">
      <UniqueIdentifier>{acab3ad3-3e7b-4d56-a698-d1fb810853b3}</UniqueIdentifier>
    </Filter>
    <Filter Include="Source Files\player">
      <UniqueIdentifier>{57505d9e-ff3a-42ef-9a85-0b921864329a}</UniqueIdentifier>
    </Filter>
    <Filter Include="Header Files\mundo">
      <UniqueIdentifier>{22184c9f-b0d5-4dd8-a451-4a18f52b6781}</UniqueIdentifier>
    </Filter>
    <Filter Include="Source Files\mundo">
      <UniqueIdentifier>{38360a88-71e1-4d65-ad07-4a25e7d8871f}</UniqueIdentifier>
    </Filter>
  </ItemGroup>
  <ItemGroup>
    <ClInclude Include="bmp.h">
      <Filter>Header Files\util</Filter>
    </ClInclude>
    <ClInclude Include="objLoader.h">
      <Filter>Header Files\util</Filter>
    </ClInclude>
    <ClInclude Include="vec3f.h">
      <Filter>Header Files\util</Filter>
    </ClInclude>
    <ClInclude Include="Camara.h">
      <Filter>Header Files\player</Filter>
    </ClInclude>
    <ClInclude Include="player.h">
      <Filter>Header Files\player</Filter>
    </ClInclude>
    <ClInclude Include="hud.h">
      <Filter>Header Files\util</Filter>
    </ClInclude>
    <ClInclude Include="colisiones.h">
      <Filter>Header Files\mundo</Filter>
    </ClInclude>
    <ClInclude Include="Mundo.h">
      <Filter>Header Files\mundo</Filter>
    </ClInclude>
    <ClInclude Include="Luz.h">
      <Filter>Header Files\mundo</Filter>
    </ClInclude>
    <ClInclude Include="sound.h">
      <Filter>Header Files\util</Filter>
    </ClInclude>
  </ItemGroup>
  <ItemGroup>
    <ClCompile Include="main.cpp">
      <Filter>Source Files</Filter>
    </ClCompile>
    <ClCompile Include="bmp.cpp">
      <Filter>Source Files\util</Filter>
    </ClCompile>
    <ClCompile Include="objLoader.cpp">
      <Filter>Source Files\util</Filter>
    </ClCompile>
    <ClCompile Include="vec3f.cpp">
      <Filter>Source Files\util</Filter>
    </ClCompile>
    <ClCompile Include="player.cpp">
      <Filter>Source Files\player</Filter>
    </ClCompile>
    <ClCompile Include="Camara.cpp">
      <Filter>Source Files\player</Filter>
    </ClCompile>
    <ClCompile Include="hud.cpp">
      <Filter>Source Files\util</Filter>
    </ClCompile>
    <ClCompile Include="colisiones.cpp">
      <Filter>Source Files\mundo</Filter>
    </ClCompile>
    <ClCompile Include="Mundo.cpp">
      <Filter>Source Files\mundo</Filter>
    </ClCompile>
    <ClCompile Include="Luz.cpp">
      <Filter>Source Files\mundo</Filter>
    </ClCompile>
    <ClCompile Include="sound.cpp">
      <Filter>Source Files\util</Filter>
    </ClCompile>
  </ItemGroup>
</Project>